
Microsoft Visual Studio Solution File, Format Version 12.00
# Visual Studio Version 16
VisualStudioVersion = 16.0.31019.35
MinimumVisualStudioVersion = 10.0.40219.1
Project("{FAE04EC0-301F-11D3-BF4B-00C04F79EFBC}") = "ImageAnalizer", "ImageAnalizer\ImageAnalizer.csproj", "{BDA2B738-92CB-476B-8FD3-89E7B12A429A}"
EndProject
Global
	GlobalSection(SolutionConfigurationPlatforms) = preSolution
		Debug|Any CPU = Debug|Any CPU
		Release|Any CPU = Release|Any CPU
	EndGlobalSection
	GlobalSection(ProjectConfigurationPlatforms) = postSolution
		{BDA2B738-92CB-476B-8FD3-89E7B12A429A}.Debug|Any CPU.ActiveCfg = Debug|Any CPU
		{BDA2B738-92CB-476B-8FD3-89E7B12A429A}.Debug|Any CPU.Build.0 = Debug|Any CPU
		{BDA2B738-92CB-476B-8FD3-89E7B12A429A}.Release|Any CPU.ActiveCfg = Release|Any CPU
		{BDA2B738-92CB-476B-8FD3-89E7B12A429A}.Release|Any CPU.Build.0 = Release|Any CPU
	EndGlobalSection
	GlobalSection(SolutionProperties) = preSolution
		HideSolutionNode = FALSE
	EndGlobalSection
	GlobalSection(ExtensibilityGlobals) = postSolution
		SolutionGuid = {40C92222-E837-43F5-8EE1-7C5C9ABF81AA}
	EndGlobalSection
EndGlobal
